
Microsoft Visual Studio Solution File, Format Version 12.00
Project("{FAE04EC0-301F-11D3-BF4B-00C04F79EFBC}") = "NotKilledByGoogle.Bot", "NotKilledByGoogle.Bot\NotKilledByGoogle.Bot.csproj", "{B9780F21-E1E1-4CD5-A590-41244AEA2055}"
EndProject
Global
	GlobalSection(SolutionConfigurationPlatforms) = preSolution
		Debug|Any CPU = Debug|Any CPU
		Release|Any CPU = Release|Any CPU
	EndGlobalSection
	GlobalSection(ProjectConfigurationPlatforms) = postSolution
		{B9780F21-E1E1-4CD5-A590-41244AEA2055}.Debug|Any CPU.ActiveCfg = Debug|Any CPU
		{B9780F21-E1E1-4CD5-A590-41244AEA2055}.Debug|Any CPU.Build.0 = Debug|Any CPU
		{B9780F21-E1E1-4CD5-A590-41244AEA2055}.Release|Any CPU.ActiveCfg = Release|Any CPU
		{B9780F21-E1E1-4CD5-A590-41244AEA2055}.Release|Any CPU.Build.0 = Release|Any CPU
	EndGlobalSection
EndGlobal
